<?xml version="1.0" encoding="utf-8"?>
<Project ToolsVersion="18.0" xmlns="http://schemas.microsoft.com/developer/msbuild/2003">
  <ItemGroup>
    <CustomBuild Include="C:\Users\User\Desktop\The Crate Studio\CMakeFiles\1a8ffc4c5e9fa6e63d3ce7d23be90d85\generate.stamp.rule">
      <Filter>CMake Rules</Filter>
    </CustomBuild>
  </ItemGroup>
  <ItemGroup>
    <Filter Include="CMake Rules">
      <UniqueIdentifier>{F9CD16CD-4044-31AD-9192-D28E6313E986}</UniqueIdentifier>
    </Filter>
  </ItemGroup>
</Project>
